
Microsoft Visual Studio Solution File, Format Version 12.00
# Visual Studio Version 17
VisualStudioVersion = 17.8.34525.116
MinimumVisualStudioVersion = 10.0.40219.1
Project("{9A19103F-16F7-4668-BE54-9A1E7A4F7556}") = "Bases", "Bases\Bases.csproj", "{DD15A573-AA03-4A56-8FE8-B8B0C16AC51A}"
EndProject
Project("{9A19103F-16F7-4668-BE54-9A1E7A4F7556}") = "Sélection", "Sélection\Sélection.csproj", "{8E2F4043-E4A9-4B41-9498-6D04C2A569D8}"
EndProject
Project("{FAE04EC0-301F-11D3-BF4B-00C04F79EFBC}") = "Tableaux", "Tableaux\Tableaux.csproj", "{1DEC8455-86AE-4147-B2D7-C99473F7AE49}"
EndProject
Project("{FAE04EC0-301F-11D3-BF4B-00C04F79EFBC}") = "Itération", "Itération\Itération.csproj", "{9D056949-51AF-49DC-90E9-7519ADDA016B}"
EndProject
Global
	GlobalSection(SolutionConfigurationPlatforms) = preSolution
		Debug|Any CPU = Debug|Any CPU
		Release|Any CPU = Release|Any CPU
	EndGlobalSection
	GlobalSection(ProjectConfigurationPlatforms) = postSolution
		{DD15A573-AA03-4A56-8FE8-B8B0C16AC51A}.Debug|Any CPU.ActiveCfg = Debug|Any CPU
		{DD15A573-AA03-4A56-8FE8-B8B0C16AC51A}.Debug|Any CPU.Build.0 = Debug|Any CPU
		{DD15A573-AA03-4A56-8FE8-B8B0C16AC51A}.Release|Any CPU.ActiveCfg = Release|Any CPU
		{DD15A573-AA03-4A56-8FE8-B8B0C16AC51A}.Release|Any CPU.Build.0 = Release|Any CPU
		{8E2F4043-E4A9-4B41-9498-6D04C2A569D8}.Debug|Any CPU.ActiveCfg = Debug|Any CPU
		{8E2F4043-E4A9-4B41-9498-6D04C2A569D8}.Debug|Any CPU.Build.0 = Debug|Any CPU
		{8E2F4043-E4A9-4B41-9498-6D04C2A569D8}.Release|Any CPU.ActiveCfg = Release|Any CPU
		{8E2F4043-E4A9-4B41-9498-6D04C2A569D8}.Release|Any CPU.Build.0 = Release|Any CPU
		{1DEC8455-86AE-4147-B2D7-C99473F7AE49}.Debug|Any CPU.ActiveCfg = Debug|Any CPU
		{1DEC8455-86AE-4147-B2D7-C99473F7AE49}.Debug|Any CPU.Build.0 = Debug|Any CPU
		{1DEC8455-86AE-4147-B2D7-C99473F7AE49}.Release|Any CPU.ActiveCfg = Release|Any CPU
		{1DEC8455-86AE-4147-B2D7-C99473F7AE49}.Release|Any CPU.Build.0 = Release|Any CPU
		{9D056949-51AF-49DC-90E9-7519ADDA016B}.Debug|Any CPU.ActiveCfg = Debug|Any CPU
		{9D056949-51AF-49DC-90E9-7519ADDA016B}.Debug|Any CPU.Build.0 = Debug|Any CPU
		{9D056949-51AF-49DC-90E9-7519ADDA016B}.Release|Any CPU.ActiveCfg = Release|Any CPU
		{9D056949-51AF-49DC-90E9-7519ADDA016B}.Release|Any CPU.Build.0 = Release|Any CPU
	EndGlobalSection
	GlobalSection(SolutionProperties) = preSolution
		HideSolutionNode = FALSE
	EndGlobalSection
	GlobalSection(ExtensibilityGlobals) = postSolution
		SolutionGuid = {B5C7A579-E488-4D38-9E20-331BBE794F46}
	EndGlobalSection
EndGlobal
